
Microsoft Visual Studio Solution File, Format Version 11.00
# Visual Studio 2010
Project("{8BC9CEB8-8B4A-11D0-8D11-00A0C91BC942}") = "Apollo", "Apollo\Apollo.vcxproj", "{5BD442AE-EBB8-49E7-BFD6-0D3C53AFFDA1}"
EndProject
Project("{8BC9CEB8-8B4A-11D0-8D11-00A0C91BC942}") = "ApolloApp", "ApolloApp\ApolloApp.vcxproj", "{7D0AC3A7-B66E-40B5-AE88-971BEEE557A4}"
EndProject
Project("{8BC9CEB8-8B4A-11D0-8D11-00A0C91BC942}") = "RenderDirect3D9", "RenderDirect3D9\RenderDirect3D9.vcxproj", "{1776F728-48DC-44F9-8DB9-048E2CED0A86}"
EndProject
Global
	GlobalSection(SolutionConfigurationPlatforms) = preSolution
		Debug|Win32 = Debug|Win32
		Release|Win32 = Release|Win32
	EndGlobalSection
	GlobalSection(ProjectConfigurationPlatforms) = postSolution
		{5BD442AE-EBB8-49E7-BFD6-0D3C53AFFDA1}.Debug|Win32.ActiveCfg = Debug|Win32
		{5BD442AE-EBB8-49E7-BFD6-0D3C53AFFDA1}.Debug|Win32.Build.0 = Debug|Win32
		{5BD442AE-EBB8-49E7-BFD6-0D3C53AFFDA1}.Release|Win32.ActiveCfg = Release|Win32
		{5BD442AE-EBB8-49E7-BFD6-0D3C53AFFDA1}.Release|Win32.Build.0 = Release|Win32
		{7D0AC3A7-B66E-40B5-AE88-971BEEE557A4}.Debug|Win32.ActiveCfg = Debug|Win32
		{7D0AC3A7-B66E-40B5-AE88-971BEEE557A4}.Debug|Win32.Build.0 = Debug|Win32
		{7D0AC3A7-B66E-40B5-AE88-971BEEE557A4}.Release|Win32.ActiveCfg = Release|Win32
		{7D0AC3A7-B66E-40B5-AE88-971BEEE557A4}.Release|Win32.Build.0 = Release|Win32
		{1776F728-48DC-44F9-8DB9-048E2CED0A86}.Debug|Win32.ActiveCfg = Debug|Win32
		{1776F728-48DC-44F9-8DB9-048E2CED0A86}.Debug|Win32.Build.0 = Debug|Win32
		{1776F728-48DC-44F9-8DB9-048E2CED0A86}.Release|Win32.ActiveCfg = Release|Win32
		{1776F728-48DC-44F9-8DB9-048E2CED0A86}.Release|Win32.Build.0 = Release|Win32
	EndGlobalSection
	GlobalSection(SolutionProperties) = preSolution
		HideSolutionNode = FALSE
	EndGlobalSection
EndGlobal
